
Microsoft Visual Studio Solution File, Format Version 12.00
# Visual Studio Version 16
VisualStudioVersion = 16.0.31105.61
MinimumVisualStudioVersion = 10.0.40219.1
Project("{F184B08F-C81C-45F6-A57F-5ABD9991F28F}") = "TesteEnviarEmailComVB", "TesteEnviarEmailComVB.vbproj", "{7658F368-6E84-465A-805E-CE557FF9A414}"
EndProject
Global
	GlobalSection(SolutionConfigurationPlatforms) = preSolution
		Debug|Any CPU = Debug|Any CPU
		Release|Any CPU = Release|Any CPU
	EndGlobalSection
	GlobalSection(ProjectConfigurationPlatforms) = postSolution
		{7658F368-6E84-465A-805E-CE557FF9A414}.Debug|Any CPU.ActiveCfg = Debug|Any CPU
		{7658F368-6E84-465A-805E-CE557FF9A414}.Debug|Any CPU.Build.0 = Debug|Any CPU
		{7658F368-6E84-465A-805E-CE557FF9A414}.Release|Any CPU.ActiveCfg = Release|Any CPU
		{7658F368-6E84-465A-805E-CE557FF9A414}.Release|Any CPU.Build.0 = Release|Any CPU
	EndGlobalSection
	GlobalSection(SolutionProperties) = preSolution
		HideSolutionNode = FALSE
	EndGlobalSection
	GlobalSection(ExtensibilityGlobals) = postSolution
		SolutionGuid = {359BDE2A-4FEE-482B-9EA6-2CD2AC5D116F}
	EndGlobalSection
EndGlobal
